# This file was autogenerated by uv via the following command:
#    uv pip compile requirements.txt --python-version 3.12 --output-file requirements.lock
anyio==4.15.1
    # via httpx
asgiref==3.12.1
    # via django
certifi==2026.7.22
    # via
    #   httpcore
    #   httpx
defusedxml==0.7.1
    # via -r requirements.txt
django==5.2.17
    # via -r requirements.txt
gunicorn==23.0.0
    # via -r requirements.txt
h11==0.16.0
    # via httpcore
httpcore==1.0.9
    # via httpx
httpx==0.28.1
    # via -r requirements.txt
idna==3.20
    # via
    #   anyio
    #   httpx
packaging==26.3
    # via gunicorn
python-dotenv==1.2.3
    # via -r requirements.txt
sqlparse==0.6.0
    # via django
typing-extensions==4.16.0
    # via anyio
whitenoise==6.12.0
    # via -r requirements.txt
